
Microsoft Visual Studio Solution File, Format Version 12.00
# Visual Studio 15
VisualStudioVersion = 15.0.27004.2002
MinimumVisualStudioVersion = 10.0.40219.1
Project("{FAE04EC0-301F-11D3-BF4B-00C04F79EFBC}") = "IntegracaoISBN", "IntegracaoISBN\IntegracaoISBN.csproj", "{31339A82-3F11-46B9-AEFC-ADACCA33DEC9}"
EndProject
Project("{FAE04EC0-301F-11D3-BF4B-00C04F79EFBC}") = "IntegracaoISBN.Tests", "IntegracaoISBN.Tests\IntegracaoISBN.Tests.csproj", "{ED86DDCF-3C87-4703-9885-CDDC9B5210E1}"
EndProject
Project("{FAE04EC0-301F-11D3-BF4B-00C04F79EFBC}") = "IntegracaoISBN.Services", "IntegracaoISBN.Services\IntegracaoISBN.Services.csproj", "{948CA14E-2137-4EC6-943F-8FDA14AA8143}"
EndProject
Project("{FAE04EC0-301F-11D3-BF4B-00C04F79EFBC}") = "IntegracaoISBN.Injetctor", "IntegracaoISBN.injetctor\IntegracaoISBN.Injetctor.csproj", "{046CC4F8-2B1D-4ADF-9722-EBE9D7BE14D6}"
EndProject
Project("{FAE04EC0-301F-11D3-BF4B-00C04F79EFBC}") = "IntegracaoISBN.Model", "IntegracaoISBN.model\IntegracaoISBN.Model.csproj", "{D45D0D3F-1631-4FFD-86EF-9338E372BFDD}"
EndProject
Global
	GlobalSection(SolutionConfigurationPlatforms) = preSolution
		Debug|Any CPU = Debug|Any CPU
		Release|Any CPU = Release|Any CPU
	EndGlobalSection
	GlobalSection(ProjectConfigurationPlatforms) = postSolution
		{31339A82-3F11-46B9-AEFC-ADACCA33DEC9}.Debug|Any CPU.ActiveCfg = Debug|Any CPU
		{31339A82-3F11-46B9-AEFC-ADACCA33DEC9}.Debug|Any CPU.Build.0 = Debug|Any CPU
		{31339A82-3F11-46B9-AEFC-ADACCA33DEC9}.Release|Any CPU.ActiveCfg = Release|Any CPU
		{31339A82-3F11-46B9-AEFC-ADACCA33DEC9}.Release|Any CPU.Build.0 = Release|Any CPU
		{ED86DDCF-3C87-4703-9885-CDDC9B5210E1}.Debug|Any CPU.ActiveCfg = Debug|Any CPU
		{ED86DDCF-3C87-4703-9885-CDDC9B5210E1}.Debug|Any CPU.Build.0 = Debug|Any CPU
		{ED86DDCF-3C87-4703-9885-CDDC9B5210E1}.Release|Any CPU.ActiveCfg = Release|Any CPU
		{ED86DDCF-3C87-4703-9885-CDDC9B5210E1}.Release|Any CPU.Build.0 = Release|Any CPU
		{948CA14E-2137-4EC6-943F-8FDA14AA8143}.Debug|Any CPU.ActiveCfg = Debug|Any CPU
		{948CA14E-2137-4EC6-943F-8FDA14AA8143}.Debug|Any CPU.Build.0 = Debug|Any CPU
		{948CA14E-2137-4EC6-943F-8FDA14AA8143}.Release|Any CPU.ActiveCfg = Release|Any CPU
		{948CA14E-2137-4EC6-943F-8FDA14AA8143}.Release|Any CPU.Build.0 = Release|Any CPU
		{046CC4F8-2B1D-4ADF-9722-EBE9D7BE14D6}.Debug|Any CPU.ActiveCfg = Debug|Any CPU
		{046CC4F8-2B1D-4ADF-9722-EBE9D7BE14D6}.Debug|Any CPU.Build.0 = Debug|Any CPU
		{046CC4F8-2B1D-4ADF-9722-EBE9D7BE14D6}.Release|Any CPU.ActiveCfg = Release|Any CPU
		{046CC4F8-2B1D-4ADF-9722-EBE9D7BE14D6}.Release|Any CPU.Build.0 = Release|Any CPU
		{D45D0D3F-1631-4FFD-86EF-9338E372BFDD}.Debug|Any CPU.ActiveCfg = Debug|Any CPU
		{D45D0D3F-1631-4FFD-86EF-9338E372BFDD}.Debug|Any CPU.Build.0 = Debug|Any CPU
		{D45D0D3F-1631-4FFD-86EF-9338E372BFDD}.Release|Any CPU.ActiveCfg = Release|Any CPU
		{D45D0D3F-1631-4FFD-86EF-9338E372BFDD}.Release|Any CPU.Build.0 = Release|Any CPU
	EndGlobalSection
	GlobalSection(SolutionProperties) = preSolution
		HideSolutionNode = FALSE
	EndGlobalSection
	GlobalSection(ExtensibilityGlobals) = postSolution
		SolutionGuid = {81E64DEF-F6C5-4793-B350-0FD48D1F7055}
	EndGlobalSection
EndGlobal
